// !$*UTF8*$!
{
	archiveVersion = 1;
	classes = {
	};
	objectVersion = 55;
	objects = {

/* Begin PBXBuildFile section */
		1A3FA09E701FD797B86FB389 /* Pods_Srijan.framework in Frameworks */ = {isa = PBXBuildFile; fileRef = 5167E6F153F4FF5E38FEA79D /* Pods_Srijan.framework */; };
		B458FCDD2897EDCA00BCC87E /* landingViewController.swift in Sources */ = {isa = PBXBuildFile; fileRef = B458FCDC2897EDCA00BCC87E /* landingViewController.swift */; };
		B484AD40289847FE005E12D1 /* Constants.swift in Sources */ = {isa = PBXBuildFile; fileRef = B484AD3F289847FE005E12D1 /* Constants.swift */; };
		B485A6A32896C3F600B56FFE /* AppDelegate.swift in Sources */ = {isa = PBXBuildFile; fileRef = B485A6A22896C3F600B56FFE /* AppDelegate.swift */; };
		B485A6A52896C3F600B56FFE /* SceneDelegate.swift in Sources */ = {isa = PBXBuildFile; fileRef = B485A6A42896C3F600B56FFE /* SceneDelegate.swift */; };
		B485A6A72896C3F600B56FFE /* ViewController.swift in Sources */ = {isa = PBXBuildFile; fileRef = B485A6A62896C3F600B56FFE /* ViewController.swift */; };
		B485A6AA2896C3F600B56FFE /* Main.storyboard in Resources */ = {isa = PBXBuildFile; fileRef = B485A6A82896C3F600B56FFE /* Main.storyboard */; };
		B485A6AC2896C3F700B56FFE /* Assets.xcassets in Resources */ = {isa = PBXBuildFile; fileRef = B485A6AB2896C3F700B56FFE /* Assets.xcassets */; };
		B485A6AF2896C3F700B56FFE /* LaunchScreen.storyboard in Resources */ = {isa = PBXBuildFile; fileRef = B485A6AD2896C3F700B56FFE /* LaunchScreen.storyboard */; };
		B4F489DC289823AE0030BBE5 /* LoginViewController.swift in Sources */ = {isa = PBXBuildFile; fileRef = B4F489DB289823AE0030BBE5 /* LoginViewController.swift */; };
		B4F489DF289824040030BBE5 /* RegisterViewController.swift in Sources */ = {isa = PBXBuildFile; fileRef = B4F489DE289824040030BBE5 /* RegisterViewController.swift */; };
		B4F489E12898389F0030BBE5 /* GoogleService-Info.plist in Resources */ = {isa = PBXBuildFile; fileRef = B4F489E02898389F0030BBE5 /* GoogleService-Info.plist */; };
/* End PBXBuildFile section */

/* Begin PBXFileReference section */
		5167E6F153F4FF5E38FEA79D /* Pods_Srijan.framework */ = {isa = PBXFileReference; explicitFileType = wrapper.framework; includeInIndex = 0; path = Pods_Srijan.framework; sourceTree = BUILT_PRODUCTS_DIR; };
		8C3457199F96E5638FA4B376 /* Pods-Srijan.release.xcconfig */ = {isa = PBXFileReference; includeInIndex = 1; lastKnownFileType = text.xcconfig; name = "Pods-Srijan.release.xcconfig"; path = "Target Support Files/Pods-Srijan/Pods-Srijan.release.xcconfig"; sourceTree = "<group>"; };
		B458FCDC2897EDCA00BCC87E /* landingViewController.swift */ = {isa = PBXFileReference; lastKnownFileType = sourcecode.swift; path = landingViewController.swift; sourceTree = "<group>"; };
		B484AD3F289847FE005E12D1 /* Constants.swift */ = {isa = PBXFileReference; lastKnownFileType = sourcecode.swift; path = Constants.swift; sourceTree = "<group>"; };
		B485A69F2896C3F600B56FFE /* Srijan.app */ = {isa = PBXFileReference; explicitFileType = wrapper.application; includeInIndex = 0; path = Srijan.app; sourceTree = BUILT_PRODUCTS_DIR; };
		B485A6A22896C3F600B56FFE /* AppDelegate.swift */ = {isa = PBXFileReference; lastKnownFileType = sourcecode.swift; path = AppDelegate.swift; sourceTree = "<group>"; };
		B485A6A42896C3F600B56FFE /* SceneDelegate.swift */ = {isa = PBXFileReference; lastKnownFileType = sourcecode.swift; path = SceneDelegate.swift; sourceTree = "<group>"; };
		B485A6A62896C3F600B56FFE /* ViewController.swift */ = {isa = PBXFileReference; lastKnownFileType = sourcecode.swift; path = ViewController.swift; sourceTree = "<group>"; };
		B485A6A92896C3F600B56FFE /* Base */ = {isa = PBXFileReference; lastKnownFileType = file.storyboard; name = Base; path = Base.lproj/Main.storyboard; sourceTree = "<group>"; };
		B485A6AB2896C3F700B56FFE /* Assets.xcassets */ = {isa = PBXFileReference; lastKnownFileType = folder.assetcatalog; path = Assets.xcassets; sourceTree = "<group>"; };
		B485A6AE2896C3F700B56FFE /* Base */ = {isa = PBXFileReference; lastKnownFileType = file.storyboard; name = Base; path = Base.lproj/LaunchScreen.storyboard; sourceTree = "<group>"; };
		B485A6B02896C3F700B56FFE /* Info.plist */ = {isa = PBXFileReference; lastKnownFileType = text.plist.xml; path = Info.plist; sourceTree = "<group>"; };
		B4F489DB289823AE0030BBE5 /* LoginViewController.swift */ = {isa = PBXFileReference; lastKnownFileType = sourcecode.swift; path = LoginViewController.swift; sourceTree = "<group>"; };
		B4F489DE289824040030BBE5 /* RegisterViewController.swift */ = {isa = PBXFileReference; lastKnownFileType = sourcecode.swift; path = RegisterViewController.swift; sourceTree = "<group>"; };
		B4F489E02898389F0030BBE5 /* GoogleService-Info.plist */ = {isa = PBXFileReference; fileEncoding = 4; lastKnownFileType = text.plist.xml; path = "GoogleService-Info.plist"; sourceTree = "<group>"; };
		E6E930266A1514F9666E5F10 /* Pods-Srijan.debug.xcconfig */ = {isa = PBXFileReference; includeInIndex = 1; lastKnownFileType = text.xcconfig; name = "Pods-Srijan.debug.xcconfig"; path = "Target Support Files/Pods-Srijan/Pods-Srijan.debug.xcconfig"; sourceTree = "<group>"; };
/* End PBXFileReference section */

/* Begin PBXFrameworksBuildPhase section */
		B485A69C2896C3F600B56FFE /* Frameworks */ = {
			isa = PBXFrameworksBuildPhase;
			buildActionMask = 2147483647;
			files = (
				1A3FA09E701FD797B86FB389 /* Pods_Srijan.framework in Frameworks */,
			);
			runOnlyForDeploymentPostprocessing = 0;
		};
/* End PBXFrameworksBuildPhase section */

/* Begin PBXGroup section */
		51A91797592716488FF683CB /* Pods */ = {
			isa = PBXGroup;
			children = (
				E6E930266A1514F9666E5F10 /* Pods-Srijan.debug.xcconfig */,
				8C3457199F96E5638FA4B376 /* Pods-Srijan.release.xcconfig */,
			);
			path = Pods;
			sourceTree = "<group>";
		};
		65B75C4A1585B9A18FD0B11A /* Frameworks */ = {
			isa = PBXGroup;
			children = (
				5167E6F153F4FF5E38FEA79D /* Pods_Srijan.framework */,
			);
			name = Frameworks;
			sourceTree = "<group>";
		};
		B485A6962896C3F600B56FFE = {
			isa = PBXGroup;
			children = (
				B485A6A12896C3F600B56FFE /* Srijan */,
				B485A6A02896C3F600B56FFE /* Products */,
				51A91797592716488FF683CB /* Pods */,
				65B75C4A1585B9A18FD0B11A /* Frameworks */,
			);
			sourceTree = "<group>";
		};
		B485A6A02896C3F600B56FFE /* Products */ = {
			isa = PBXGroup;
			children = (
				B485A69F2896C3F600B56FFE /* Srijan.app */,
			);
			name = Products;
			sourceTree = "<group>";
		};
		B485A6A12896C3F600B56FFE /* Srijan */ = {
			isa = PBXGroup;
			children = (
				B485A6A22896C3F600B56FFE /* AppDelegate.swift */,
				B485A6A42896C3F600B56FFE /* SceneDelegate.swift */,
				B485A6A62896C3F600B56FFE /* ViewController.swift */,
				B485A6A82896C3F600B56FFE /* Main.storyboard */,
				B485A6AB2896C3F700B56FFE /* Assets.xcassets */,
				B485A6AD2896C3F700B56FFE /* LaunchScreen.storyboard */,
				B485A6B02896C3F700B56FFE /* Info.plist */,
				B4F489E02898389F0030BBE5 /* GoogleService-Info.plist */,
				B458FCDC2897EDCA00BCC87E /* landingViewController.swift */,
				B4F489DB289823AE0030BBE5 /* LoginViewController.swift */,
				B4F489DE289824040030BBE5 /* RegisterViewController.swift */,
				B484AD3F289847FE005E12D1 /* Constants.swift */,
			);
			path = Srijan;
			sourceTree = "<group>";
		};
/* End PBXGroup section */

/* Begin PBXNativeTarget section */
		B485A69E2896C3F600B56FFE /* Srijan */ = {
			isa = PBXNativeTarget;
			buildConfigurationList = B485A6B32896C3F700B56FFE /* Build configuration list for PBXNativeTarget "Srijan" */;
			buildPhases = (
				ACE6B5D6475E69414BC606DF /* [CP] Check Pods Manifest.lock */,
				B485A69B2896C3F600B56FFE /* Sources */,
				B485A69C2896C3F600B56FFE /* Frameworks */,
				B485A69D2896C3F600B56FFE /* Resources */,
				5FDA85F8C189DE3E1380B468 /* [CP] Embed Pods Frameworks */,
			);
			buildRules = (
			);
			dependencies = (
			);
			name = Srijan;
			productName = Srijan;
			productReference = B485A69F2896C3F600B56FFE /* Srijan.app */;
			productType = "com.apple.product-type.application";
		};
/* End PBXNativeTarget section */

/* Begin PBXProject section */
		B485A6972896C3F600B56FFE /* Project object */ = {
			isa = PBXProject;
			attributes = {
				BuildIndependentTargetsInParallel = 1;
				LastSwiftUpdateCheck = 1340;
				LastUpgradeCheck = 1340;
				TargetAttributes = {
					B485A69E2896C3F600B56FFE = {
						CreatedOnToolsVersion = 13.4.1;
					};
				};
			};
			buildConfigurationList = B485A69A2896C3F600B56FFE /* Build configuration list for PBXProject "Srijan" */;
			compatibilityVersion = "Xcode 13.0";
			developmentRegion = en;
			hasScannedForEncodings = 0;
			knownRegions = (
				en,
				Base,
			);
			mainGroup = B485A6962896C3F600B56FFE;
			packageReferences = (
				B4F489E228983C520030BBE5 /* XCRemoteSwiftPackageReference "firebase-ios-sdk" */,
			);
			productRefGroup = B485A6A02896C3F600B56FFE /* Products */;
			projectDirPath = "";
			projectRoot = "";
			targets = (
				B485A69E2896C3F600B56FFE /* Srijan */,
			);
		};
/* End PBXProject section */

/* Begin PBXResourcesBuildPhase section */
		B485A69D2896C3F600B56FFE /* Resources */ = {
			isa = PBXResourcesBuildPhase;
			buildActionMask = 2147483647;
			files = (
				B485A6AF2896C3F700B56FFE /* LaunchScreen.storyboard in Resources */,
				B4F489E12898389F0030BBE5 /* GoogleService-Info.plist in Resources */,
				B485A6AC2896C3F700B56FFE /* Assets.xcassets in Resources */,
				B485A6AA2896C3F600B56FFE /* Main.storyboard in Resources */,
			);
			runOnlyForDeploymentPostprocessing = 0;
		};
/* End PBXResourcesBuildPhase section */

/* Begin PBXShellScriptBuildPhase section */
		5FDA85F8C189DE3E1380B468 /* [CP] Embed Pods Frameworks */ = {
			isa = PBXShellScriptBuildPhase;
			buildActionMask = 2147483647;
			files = (
			);
			inputFileListPaths = (
				"${PODS_ROOT}/Target Support Files/Pods-Srijan/Pods-Srijan-frameworks-${CONFIGURATION}-input-files.xcfilelist",
			);
			name = "[CP] Embed Pods Frameworks";
			outputFileListPaths = (
				"${PODS_ROOT}/Target Support Files/Pods-Srijan/Pods-Srijan-frameworks-${CONFIGURATION}-output-files.xcfilelist",
			);
			runOnlyForDeploymentPostprocessing = 0;
			shellPath = /bin/sh;
			shellScript = "\"${PODS_ROOT}/Target Support Files/Pods-Srijan/Pods-Srijan-frameworks.sh\"\n";
			showEnvVarsInLog = 0;
		};
		ACE6B5D6475E69414BC606DF /* [CP] Check Pods Manifest.lock */ = {
			isa = PBXShellScriptBuildPhase;
			buildActionMask = 2147483647;
			files = (
			);
			inputFileListPaths = (
			);
			inputPaths = (
				"${PODS_PODFILE_DIR_PATH}/Podfile.lock",
				"${PODS_ROOT}/Manifest.lock",
			);
			name = "[CP] Check Pods Manifest.lock";
			outputFileListPaths = (
			);
			outputPaths = (
				"$(DERIVED_FILE_DIR)/Pods-Srijan-checkManifestLockResult.txt",
			);
			runOnlyForDeploymentPostprocessing = 0;
			shellPath = /bin/sh;
			shellScript = "diff \"${PODS_PODFILE_DIR_PATH}/Podfile.lock\" \"${PODS_ROOT}/Manifest.lock\" > /dev/null\nif [ $? != 0 ] ; then\n    # print error to STDERR\n    echo \"error: The sandbox is not in sync with the Podfile.lock. Run 'pod install' or update your CocoaPods installation.\" >&2\n    exit 1\nfi\n# This output is used by Xcode 'outputs' to avoid re-running this script phase.\necho \"SUCCESS\" > \"${SCRIPT_OUTPUT_FILE_0}\"\n";
			showEnvVarsInLog = 0;
		};
/* End PBXShellScriptBuildPhase section */

/* Begin PBXSourcesBuildPhase section */
		B485A69B2896C3F600B56FFE /* Sources */ = {
			isa = PBXSourcesBuildPhase;
			buildActionMask = 2147483647;
			files = (
				B485A6A72896C3F600B56FFE /* ViewController.swift in Sources */,
				B485A6A32896C3F600B56FFE /* AppDelegate.swift in Sources */,
				B458FCDD2897EDCA00BCC87E /* landingViewController.swift in Sources */,
				B4F489DF289824040030BBE5 /* RegisterViewController.swift in Sources */,
				B484AD40289847FE005E12D1 /* Constants.swift in Sources */,
				B4F489DC289823AE0030BBE5 /* LoginViewController.swift in Sources */,
				B485A6A52896C3F600B56FFE /* SceneDelegate.swift in Sources */,
			);
			runOnlyForDeploymentPostprocessing = 0;
		};
/* End PBXSourcesBuildPhase section */

/* Begin PBXVariantGroup section */
		B485A6A82896C3F600B56FFE /* Main.storyboard */ = {
			isa = PBXVariantGroup;
			children = (
				B485A6A92896C3F600B56FFE /* Base */,
			);
			name = Main.storyboard;
			sourceTree = "<group>";
		};
		B485A6AD2896C3F700B56FFE /* LaunchScreen.storyboard */ = {
			isa = PBXVariantGroup;
			children = (
				B485A6AE2896C3F700B56FFE /* Base */,
			);
			name = LaunchScreen.storyboard;
			sourceTree = "<group>";
		};
/* End PBXVariantGroup section */

/* Begin XCBuildConfiguration section */
		B485A6B12896C3F700B56FFE /* Debug */ = {
			isa = XCBuildConfiguration;
			buildSettings = {
				ALWAYS_SEARCH_USER_PATHS = NO;
				CLANG_ANALYZER_NONNULL = YES;
				CLANG_ANALYZER_NUMBER_OBJECT_CONVERSION = YES_AGGRESSIVE;
				CLANG_CXX_LANGUAGE_STANDARD = "gnu++17";
				CLANG_ENABLE_MODULES = YES;
				CLANG_ENABLE_OBJC_ARC = YES;
				CLANG_ENABLE_OBJC_WEAK = YES;
				CLANG_WARN_BLOCK_CAPTURE_AUTORELEASING = YES;
				CLANG_WARN_BOOL_CONVERSION = YES;
				CLANG_WARN_COMMA = YES;
				CLANG_WARN_CONSTANT_CONVERSION = YES;
				CLANG_WARN_DEPRECATED_OBJC_IMPLEMENTATIONS = YES;
				CLANG_WARN_DIRECT_OBJC_ISA_USAGE = YES_ERROR;
				CLANG_WARN_DOCUMENTATION_COMMENTS = YES;
				CLANG_WARN_EMPTY_BODY = YES;
				CLANG_WARN_ENUM_CONVERSION = YES;
				CLANG_WARN_INFINITE_RECURSION = YES;
				CLANG_WARN_INT_CONVERSION = YES;
				CLANG_WARN_NON_LITERAL_NULL_CONVERSION = YES;
				CLANG_WARN_OBJC_IMPLICIT_RETAIN_SELF = YES;
				CLANG_WARN_OBJC_LITERAL_CONVERSION = YES;
				CLANG_WARN_OBJC_ROOT_CLASS = YES_ERROR;
				CLANG_WARN_QUOTED_INCLUDE_IN_FRAMEWORK_HEADER = YES;
				CLANG_WARN_RANGE_LOOP_ANALYSIS = YES;
				CLANG_WARN_STRICT_PROTOTYPES = YES;
				CLANG_WARN_SUSPICIOUS_MOVE = YES;
				CLANG_WARN_UNGUARDED_AVAILABILITY = YES_AGGRESSIVE;
				CLANG_WARN_UNREACHABLE_CODE = YES;
				CLANG_WARN__DUPLICATE_METHOD_MATCH = YES;
				COPY_PHASE_STRIP = NO;
				DEBUG_INFORMATION_FORMAT = dwarf;
				ENABLE_STRICT_OBJC_MSGSEND = YES;
				ENABLE_TESTABILITY = YES;
				GCC_C_LANGUAGE_STANDARD = gnu11;
				GCC_DYNAMIC_NO_PIC = NO;
				GCC_NO_COMMON_BLOCKS = YES;
				GCC_OPTIMIZATION_LEVEL = 0;
				GCC_PREPROCESSOR_DEFINITIONS = (
					"DEBUG=1",
					"$(inherited)",
				);
				GCC_WARN_64_TO_32_BIT_CONVERSION = YES;
				GCC_WARN_ABOUT_RETURN_TYPE = YES_ERROR;
				GCC_WARN_UNDECLARED_SELECTOR = YES;
				GCC_WARN_UNINITIALIZED_AUTOS = YES_AGGRESSIVE;
				GCC_WARN_UNUSED_FUNCTION = YES;
				GCC_WARN_UNUSED_VARIABLE = YES;
				IPHONEOS_DEPLOYMENT_TARGET = 15.5;
				MTL_ENABLE_DEBUG_INFO = INCLUDE_SOURCE;
				MTL_FAST_MATH = YES;
				ONLY_ACTIVE_ARCH = YES;
				SDKROOT = iphoneos;
				SWIFT_ACTIVE_COMPILATION_CONDITIONS = DEBUG;
				SWIFT_OPTIMIZATION_LEVEL = "-Onone";
			};
			name = Debug;
		};
		B485A6B22896C3F700B56FFE /* Release */ = {
			isa = XCBuildConfiguration;
			buildSettings = {
				ALWAYS_SEARCH_USER_PATHS = NO;
				CLANG_ANALYZER_NONNULL = YES;
				CLANG_ANALYZER_NUMBER_OBJECT_CONVERSION = YES_AGGRESSIVE;
				CLANG_CXX_LANGUAGE_STANDARD = "gnu++17";
				CLANG_ENABLE_MODULES = YES;
				CLANG_ENABLE_OBJC_ARC = YES;
				CLANG_ENABLE_OBJC_WEAK = YES;
				CLANG_WARN_BLOCK_CAPTURE_AUTORELEASING = YES;
				CLANG_WARN_BOOL_CONVERSION = YES;
				CLANG_WARN_COMMA = YES;
				CLANG_WARN_CONSTANT_CONVERSION = YES;
				CLANG_WARN_DEPRECATED_OBJC_IMPLEMENTATIONS = YES;
				CLANG_WARN_DIRECT_OBJC_ISA_USAGE = YES_ERROR;
				CLANG_WARN_DOCUMENTATION_COMMENTS = YES;
				CLANG_WARN_EMPTY_BODY = YES;
				CLANG_WARN_ENUM_CONVERSION = YES;
				CLANG_WARN_INFINITE_RECURSION = YES;
				CLANG_WARN_INT_CONVERSION = YES;
				CLANG_WARN_NON_LITERAL_NULL_CONVERSION = YES;
				CLANG_WARN_OBJC_IMPLICIT_RETAIN_SELF = YES;
				CLANG_WARN_OBJC_LITERAL_CONVERSION = YES;
				CLANG_WARN_OBJC_ROOT_CLASS = YES_ERROR;
				CLANG_WARN_QUOTED_INCLUDE_IN_FRAMEWORK_HEADER = YES;
				CLANG_WARN_RANGE_LOOP_ANALYSIS = YES;
				CLANG_WARN_STRICT_PROTOTYPES = YES;
				CLANG_WARN_SUSPICIOUS_MOVE = YES;
				CLANG_WARN_UNGUARDED_AVAILABILITY = YES_AGGRESSIVE;
				CLANG_WARN_UNREACHABLE_CODE = YES;
				CLANG_WARN__DUPLICATE_METHOD_MATCH = YES;
				COPY_PHASE_STRIP = NO;
				DEBUG_INFORMATION_FORMAT = "dwarf-with-dsym";
				ENABLE_NS_ASSERTIONS = NO;
				ENABLE_STRICT_OBJC_MSGSEND = YES;
				GCC_C_LANGUAGE_STANDARD = gnu11;
				GCC_NO_COMMON_BLOCKS = YES;
				GCC_WARN_64_TO_32_BIT_CONVERSION = YES;
				GCC_WARN_ABOUT_RETURN_TYPE = YES_ERROR;
				GCC_WARN_UNDECLARED_SELECTOR = YES;
				GCC_WARN_UNINITIALIZED_AUTOS = YES_AGGRESSIVE;
				GCC_WARN_UNUSED_FUNCTION = YES;
				GCC_WARN_UNUSED_VARIABLE = YES;
				IPHONEOS_DEPLOYMENT_TARGET = 15.5;
				MTL_ENABLE_DEBUG_INFO = NO;
				MTL_FAST_MATH = YES;
				SDKROOT = iphoneos;
				SWIFT_COMPILATION_MODE = wholemodule;
				SWIFT_OPTIMIZATION_LEVEL = "-O";
				VALIDATE_PRODUCT = YES;
			};
			name = Release;
		};
		B485A6B42896C3F700B56FFE /* Debug */ = {
			isa = XCBuildConfiguration;
			baseConfigurationReference = E6E930266A1514F9666E5F10 /* Pods-Srijan.debug.xcconfig */;
			buildSettings = {
				ASSETCATALOG_COMPILER_APPICON_NAME = AppIcon;
				ASSETCATALOG_COMPILER_GLOBAL_ACCENT_COLOR_NAME = AccentColor;
				CODE_SIGN_STYLE = Automatic;
				CURRENT_PROJECT_VERSION = 1;
				DEVELOPMENT_TEAM = Y6ASMZ84TP;
				GENERATE_INFOPLIST_FILE = YES;
				INFOPLIST_FILE = Srijan/Info.plist;
				INFOPLIST_KEY_UIApplicationSupportsIndirectInputEvents = YES;
				INFOPLIST_KEY_UILaunchStoryboardName = LaunchScreen;
				INFOPLIST_KEY_UIMainStoryboardFile = Main;
				INFOPLIST_KEY_UISupportedInterfaceOrientations = UIInterfaceOrientationPortrait;
				INFOPLIST_KEY_UISupportedInterfaceOrientations_iPad = "UIInterfaceOrientationPortrait UIInterfaceOrientationPortraitUpsideDown UIInterfaceOrientationLandscapeLeft UIInterfaceOrientationLandscapeRight";
				INFOPLIST_KEY_UISupportedInterfaceOrientations_iPhone = "UIInterfaceOrientationPortrait UIInterfaceOrientationLandscapeLeft UIInterfaceOrientationLandscapeRight";
				LD_RUNPATH_SEARCH_PATHS = (
					"$(inherited)",
					"@executable_path/Frameworks",
				);
				MARKETING_VERSION = 1.0;
				PRODUCT_BUNDLE_IDENTIFIER = com.Priyabrat.Srijan;
				PRODUCT_NAME = "$(TARGET_NAME)";
				SWIFT_EMIT_LOC_STRINGS = YES;
				SWIFT_VERSION = 5.0;
				TARGETED_DEVICE_FAMILY = "1,2";
			};
			name = Debug;
		};
		B485A6B52896C3F700B56FFE /* Release */ = {
			isa = XCBuildConfiguration;
			baseConfigurationReference = 8C3457199F96E5638FA4B376 /* Pods-Srijan.release.xcconfig */;
			buildSettings = {
				ASSETCATALOG_COMPILER_APPICON_NAME = AppIcon;
				ASSETCATALOG_COMPILER_GLOBAL_ACCENT_COLOR_NAME = AccentColor;
				CODE_SIGN_STYLE = Automatic;
				CURRENT_PROJECT_VERSION = 1;
				DEVELOPMENT_TEAM = Y6ASMZ84TP;
				GENERATE_INFOPLIST_FILE = YES;
				INFOPLIST_FILE = Srijan/Info.plist;
				INFOPLIST_KEY_UIApplicationSupportsIndirectInputEvents = YES;
				INFOPLIST_KEY_UILaunchStoryboardName = LaunchScreen;
				INFOPLIST_KEY_UIMainStoryboardFile = Main;
				INFOPLIST_KEY_UISupportedInterfaceOrientations = UIInterfaceOrientationPortrait;
				INFOPLIST_KEY_UISupportedInterfaceOrientations_iPad = "UIInterfaceOrientationPortrait UIInterfaceOrientationPortraitUpsideDown UIInterfaceOrientationLandscapeLeft UIInterfaceOrientationLandscapeRight";
				INFOPLIST_KEY_UISupportedInterfaceOrientations_iPhone = "UIInterfaceOrientationPortrait UIInterfaceOrientationLandscapeLeft UIInterfaceOrientationLandscapeRight";
				LD_RUNPATH_SEARCH_PATHS = (
					"$(inherited)",
					"@executable_path/Frameworks",
				);
				MARKETING_VERSION = 1.0;
				PRODUCT_BUNDLE_IDENTIFIER = com.Priyabrat.Srijan;
				PRODUCT_NAME = "$(TARGET_NAME)";
				SWIFT_EMIT_LOC_STRINGS = YES;
				SWIFT_VERSION = 5.0;
				TARGETED_DEVICE_FAMILY = "1,2";
			};
			name = Release;
		};
/* End XCBuildConfiguration section */

/* Begin XCConfigurationList section */
		B485A69A2896C3F600B56FFE /* Build configuration list for PBXProject "Srijan" */ = {
			isa = XCConfigurationList;
			buildConfigurations = (
				B485A6B12896C3F700B56FFE /* Debug */,
				B485A6B22896C3F700B56FFE /* Release */,
			);
			defaultConfigurationIsVisible = 0;
			defaultConfigurationName = Release;
		};
		B485A6B32896C3F700B56FFE /* Build configuration list for PBXNativeTarget "Srijan" */ = {
			isa = XCConfigurationList;
			buildConfigurations = (
				B485A6B42896C3F700B56FFE /* Debug */,
				B485A6B52896C3F700B56FFE /* Release */,
			);
			defaultConfigurationIsVisible = 0;
			defaultConfigurationName = Release;
		};
/* End XCConfigurationList section */

/* Begin XCRemoteSwiftPackageReference section */
		B4F489E228983C520030BBE5 /* XCRemoteSwiftPackageReference "firebase-ios-sdk" */ = {
			isa = XCRemoteSwiftPackageReference;
			repositoryURL = "https://github.com/firebase/firebase-ios-sdk";
			requirement = {
				branch = master;
				kind = branch;
			};
		};
/* End XCRemoteSwiftPackageReference section */
	};
	rootObject = B485A6972896C3F600B56FFE /* Project object */;
}
